{
  "version": 4,
  "terraform_version": "0.12.31",
  "serial": 6,
  "lineage": "deb0cd5f-4552-a6c6-08b8-b286c11439f6",
  "outputs": {},
  "resources": [
    {
      "mode": "managed",
      "type": "google_compute_network",
      "name": "mynet",
      "provider": "provider.google",
      "instances": [
        {
          "schema_version": 0,
          "attributes": {
            "auto_create_subnetworks": false,
            "delete_default_routes_on_create": false,
            "description": "",
            "gateway_ipv4": "",
            "id": "projects/myterraformpro/global/networks/main",
            "mtu": 1500,
            "name": "main",
            "project": "myterraformpro",
            "routing_mode": "REGIONAL",
            "self_link": "https://www.googleapis.com/compute/v1/projects/myterraformpro/global/networks/main",
            "timeouts": null
          },
          "private": "eyJlMmJmYjczMC1lY2FhLTExZTYtOGY4OC0zNDM2M2JjN2M0YzAiOnsiY3JlYXRlIjoyNDAwMDAwMDAwMDAsImRlbGV0ZSI6MjQwMDAwMDAwMDAwLCJ1cGRhdGUiOjI0MDAwMDAwMDAwMH19"
        }
      ]
    },
    {
      "mode": "managed",
      "type": "google_compute_router",
      "name": "router",
      "provider": "provider.google",
      "instances": [
        {
          "schema_version": 0,
          "attributes": {
            "bgp": [],
            "creation_timestamp": "2022-03-13T10:47:39.025-07:00",
            "description": "",
            "id": "projects/myterraformpro/regions/asia-south1/routers/router",
            "name": "router",
            "network": "https://www.googleapis.com/compute/v1/projects/myterraformpro/global/networks/main",
            "project": "myterraformpro",
            "region": "asia-south1",
            "self_link": "https://www.googleapis.com/compute/v1/projects/myterraformpro/regions/asia-south1/routers/router",
            "timeouts": null
          },
          "private": "eyJlMmJmYjczMC1lY2FhLTExZTYtOGY4OC0zNDM2M2JjN2M0YzAiOnsiY3JlYXRlIjoyNDAwMDAwMDAwMDAsImRlbGV0ZSI6MjQwMDAwMDAwMDAwLCJ1cGRhdGUiOjI0MDAwMDAwMDAwMH19",
          "dependencies": [
            "google_compute_network.mynet"
          ]
        }
      ]
    },
    {
      "mode": "managed",
      "type": "google_compute_router_nat",
      "name": "mynat",
      "provider": "provider.google",
      "instances": []
    },
    {
      "mode": "managed",
      "type": "random_integer",
      "name": "servers",
      "provider": "provider.random",
      "instances": [
        {
          "schema_version": 0,
          "attributes": {
            "id": "386360",
            "keepers": null,
            "max": 1000000,
            "min": 100,
            "result": 386360,
            "seed": null
          },
          "private": "bnVsbA=="
        }
      ]
    }
  ]
}
