{
  "version": 4,
  "terraform_version": "0.12.31",
  "serial": 12,
  "lineage": "b7813518-b3d4-4f2e-7466-63a23cb6a130",
  "outputs": {
    "External_IP": {
      "value": "35.184.83.91",
      "type": "string"
    },
    "internal_IP": {
      "value": "10.128.0.17",
      "type": "string"
    }
  },
  "resources": [
    {
      "mode": "managed",
      "type": "google_compute_instance",
      "name": "appserver",
      "provider": "provider.google",
      "instances": [
        {
          "schema_version": 6,
          "attributes": {
            "allow_stopping_for_update": true,
            "attached_disk": [],
            "boot_disk": [
              {
                "auto_delete": true,
                "device_name": "persistent-disk-0",
                "disk_encryption_key_raw": "",
                "disk_encryption_key_sha256": "",
                "initialize_params": [
                  {
                    "image": "https://www.googleapis.com/compute/v1/projects/centos-cloud/global/images/centos-7-v20220303",
                    "labels": {},
                    "size": 20,
                    "type": "pd-standard"
                  }
                ],
                "kms_key_self_link": "",
                "mode": "READ_WRITE",
                "source": "https://www.googleapis.com/compute/v1/projects/kuberpro-336213/zones/us-central1-c/disks/terraform-sample"
              }
            ],
            "can_ip_forward": false,
            "confidential_instance_config": [],
            "cpu_platform": "Intel Haswell",
            "current_status": "RUNNING",
            "deletion_protection": false,
            "description": "",
            "desired_status": null,
            "enable_display": false,
            "guest_accelerator": [],
            "hostname": "",
            "id": "projects/kuberpro-336213/zones/us-central1-c/instances/terraform-sample",
            "instance_id": "6958805466110046299",
            "label_fingerprint": "pnTs9LDwJig=",
            "labels": {
              "dept": "it",
              "name": "mynetwork1",
              "os": "centos",
              "owner": "mukunth",
              "user": "mukunth"
            },
            "machine_type": "f1-micro",
            "metadata": null,
            "metadata_fingerprint": "jYXdb3T5MO8=",
            "metadata_startup_script": "",
            "min_cpu_platform": "",
            "name": "terraform-sample",
            "network_interface": [
              {
                "access_config": [
                  {
                    "nat_ip": "35.184.83.91",
                    "network_tier": "PREMIUM",
                    "public_ptr_domain_name": ""
                  }
                ],
                "alias_ip_range": [],
                "name": "nic0",
                "network": "https://www.googleapis.com/compute/v1/projects/kuberpro-336213/global/networks/default",
                "network_ip": "10.128.0.17",
                "nic_type": "",
                "subnetwork": "https://www.googleapis.com/compute/v1/projects/kuberpro-336213/regions/us-central1/subnetworks/default",
                "subnetwork_project": "kuberpro-336213"
              }
            ],
            "project": "kuberpro-336213",
            "resource_policies": null,
            "scheduling": [
              {
                "automatic_restart": true,
                "min_node_cpus": 0,
                "node_affinities": [],
                "on_host_maintenance": "MIGRATE",
                "preemptible": false
              }
            ],
            "scratch_disk": [],
            "self_link": "https://www.googleapis.com/compute/v1/projects/kuberpro-336213/zones/us-central1-c/instances/terraform-sample",
            "service_account": [],
            "shielded_instance_config": [
              {
                "enable_integrity_monitoring": true,
                "enable_secure_boot": false,
                "enable_vtpm": true
              }
            ],
            "tags": null,
            "tags_fingerprint": "42WmSpB8rSM=",
            "timeouts": null,
            "zone": "us-central1-c"
          },
          "private": "eyJlMmJmYjczMC1lY2FhLTExZTYtOGY4OC0zNDM2M2JjN2M0YzAiOnsiY3JlYXRlIjoxMjAwMDAwMDAwMDAwLCJkZWxldGUiOjEyMDAwMDAwMDAwMDAsInVwZGF0ZSI6MTIwMDAwMDAwMDAwMH0sInNjaGVtYV92ZXJzaW9uIjoiNiJ9"
        }
      ]
    }
  ]
}
